
Microsoft Visual Studio Solution File, Format Version 12.00
# Visual Studio Version 17
VisualStudioVersion = 17.3.32901.215
MinimumVisualStudioVersion = 10.0.40219.1
Project("{FAE04EC0-301F-11D3-BF4B-00C04F79EFBC}") = "ClassLibrary1", "ClassLibrary1\ClassLibrary1.csproj", "{1BD026E3-6977-4624-9AA1-8513546C31A7}"
EndProject
Global
	GlobalSection(SolutionConfigurationPlatforms) = preSolution
		Debug|Any CPU = Debug|Any CPU
		Release|Any CPU = Release|Any CPU
	EndGlobalSection
	GlobalSection(ProjectConfigurationPlatforms) = postSolution
		{1BD026E3-6977-4624-9AA1-8513546C31A7}.Debug|Any CPU.ActiveCfg = Debug|Any CPU
		{1BD026E3-6977-4624-9AA1-8513546C31A7}.Debug|Any CPU.Build.0 = Debug|Any CPU
		{1BD026E3-6977-4624-9AA1-8513546C31A7}.Release|Any CPU.ActiveCfg = Release|Any CPU
		{1BD026E3-6977-4624-9AA1-8513546C31A7}.Release|Any CPU.Build.0 = Release|Any CPU
	EndGlobalSection
	GlobalSection(SolutionProperties) = preSolution
		HideSolutionNode = FALSE
	EndGlobalSection
	GlobalSection(ExtensibilityGlobals) = postSolution
		SolutionGuid = {6B446E20-3063-49C0-B421-B1FE5A8596F4}
	EndGlobalSection
EndGlobal
